<?xml version="1.0" encoding="utf-8"?>
<Project ToolsVersion="4.0" xmlns="http://schemas.microsoft.com/developer/msbuild/2003">
  <ItemGroup>
    <Filter Include="imgui">
      <UniqueIdentifier>{20b90ce4-7fcb-4731-b9a0-075f875de82d}</UniqueIdentifier>
    </Filter>
    <Filter Include="sources">
      <UniqueIdentifier>{f18ab499-84e1-499f-8eff-9754361e0e52}</UniqueIdentifier>
      <Extensions>cpp;c;cc;cxx;def;odl;idl;hpj;bat;asm;asmx</Extensions>
    </Filter>
    <Filter Include="sources\Managers">
      <UniqueIdentifier>{17f9201b-f3ff-4ac2-afd4-356002056496}</UniqueIdentifier>
    </Filter>
    <Filter Include="sources\utilities">
      <UniqueIdentifier>{d22d633d-98a5-4a5b-aca7-e981b98ba4da}</UniqueIdentifier>
    </Filter>
  </ItemGroup>
  <ItemGroup>
    <ClCompile Include="main.cpp">
      <Filter>sources</Filter>
    </ClCompile>
    <ClCompile Include="..\..\imgui.cpp">
      <Filter>imgui</Filter>
    </ClCompile>
    <ClCompile Include="..\..\imgui_demo.cpp">
      <Filter>imgui</Filter>
    </ClCompile>
    <ClCompile Include="..\..\imgui_draw.cpp">
      <Filter>imgui</Filter>
    </ClCompile>
    <ClCompile Include="..\..\imgui_tables.cpp">
      <Filter>imgui</Filter>
    </ClCompile>
    <ClCompile Include="..\..\imgui_widgets.cpp">
      <Filter>imgui</Filter>
    </ClCompile>
    <ClCompile Include="..\..\backends\imgui_impl_glfw.cpp">
      <Filter>sources</Filter>
    </ClCompile>
    <ClCompile Include="..\..\backends\imgui_impl_opengl3.cpp">
      <Filter>sources</Filter>
    </ClCompile>
    <ClCompile Include="imgui_spectrum.cpp">
      <Filter>sources</Filter>
    </ClCompile>
    <ClCompile Include="renderManager.cpp">
      <Filter>sources\Managers</Filter>
    </ClCompile>
    <ClCompile Include="sceneManager.cpp">
      <Filter>sources\Managers</Filter>
    </ClCompile>
  </ItemGroup>
  <ItemGroup>
    <ClInclude Include="..\..\imconfig.h">
      <Filter>imgui</Filter>
    </ClInclude>
    <ClInclude Include="..\..\imgui.h">
      <Filter>imgui</Filter>
    </ClInclude>
    <ClInclude Include="..\..\imgui_internal.h">
      <Filter>imgui</Filter>
    </ClInclude>
    <ClInclude Include="..\..\backends\imgui_impl_glfw.h">
      <Filter>sources</Filter>
    </ClInclude>
    <ClInclude Include="..\..\backends\imgui_impl_opengl3.h">
      <Filter>sources</Filter>
    </ClInclude>
    <ClInclude Include="..\..\backends\imgui_impl_opengl3_loader.h">
      <Filter>sources</Filter>
    </ClInclude>
    <ClInclude Include="imgui_spectrum.h">
      <Filter>sources</Filter>
    </ClInclude>
    <ClInclude Include="plotPixel.h" />
    <ClInclude Include="renderManager.h">
      <Filter>sources\Managers</Filter>
    </ClInclude>
    <ClInclude Include="point3.h" />
    <ClInclude Include="sceneManager.h">
      <Filter>sources\Managers</Filter>
    </ClInclude>
    <ClInclude Include="scene.h" />
    <ClInclude Include="sceneSettings.h" />
    <ClInclude Include="utilities\helpers.h">
      <Filter>sources\utilities</Filter>
    </ClInclude>
    <ClInclude Include="utilities\timer.h">
      <Filter>sources\utilities</Filter>
    </ClInclude>
    <ClInclude Include="resource.h" />
  </ItemGroup>
  <ItemGroup>
    <None Include="..\..\misc\debuggers\imgui.natvis">
      <Filter>imgui</Filter>
    </None>
    <None Include="..\..\misc\debuggers\imgui.natstepfilter">
      <Filter>imgui</Filter>
    </None>
  </ItemGroup>
  <ItemGroup>
    <ResourceCompile Include="UI.rc" />
  </ItemGroup>
  <ItemGroup>
    <Image Include="app.ico" />
    <Image Include="app.png" />
  </ItemGroup>
</Project>