
Microsoft Visual Studio Solution File, Format Version 12.00
# Visual Studio Version 17
VisualStudioVersion = 17.10.35201.131
MinimumVisualStudioVersion = 10.0.40219.1
Project("{8BC9CEB8-8B4A-11D0-8D11-00A0C91BC942}") = "RTCudaBelval", "Core\RTCudaBelval.vcxproj", "{C406A8B0-52D6-43CE-B48A-EC4204AD757B}"
EndProject
Global
	GlobalSection(SolutionConfigurationPlatforms) = preSolution
		Debug|x64 = Debug|x64
		Release|x64 = Release|x64
	EndGlobalSection
	GlobalSection(ProjectConfigurationPlatforms) = postSolution
		{C406A8B0-52D6-43CE-B48A-EC4204AD757B}.Debug|x64.ActiveCfg = Debug|x64
		{C406A8B0-52D6-43CE-B48A-EC4204AD757B}.Debug|x64.Build.0 = Debug|x64
		{C406A8B0-52D6-43CE-B48A-EC4204AD757B}.Release|x64.ActiveCfg = Release|x64
		{C406A8B0-52D6-43CE-B48A-EC4204AD757B}.Release|x64.Build.0 = Release|x64
	EndGlobalSection
	GlobalSection(SolutionProperties) = preSolution
		HideSolutionNode = FALSE
	EndGlobalSection
	GlobalSection(ExtensibilityGlobals) = postSolution
		SolutionGuid = {0CB0D679-EED8-44AE-8BF4-6D779276DE32}
	EndGlobalSection
EndGlobal
