
Microsoft Visual Studio Solution File, Format Version 12.00
# Visual Studio Version 17
VisualStudioVersion = 17.10.35201.131
MinimumVisualStudioVersion = 10.0.40219.1
Project("{8BC9CEB8-8B4A-11D0-8D11-00A0C91BC942}") = "core", "core\MyOwnRayTracer.vcxproj", "{C406A8B0-52D6-43CE-B48A-EC4204AD757B}"
EndProject
Project("{8BC9CEB8-8B4A-11D0-8D11-00A0C91BC942}") = "UI", "UI\Examples\UI\UI.vcxproj", "{4A1FB5EA-22F5-42A8-AB92-1D2DF5D47FB9}"
EndProject
Global
	GlobalSection(SolutionConfigurationPlatforms) = preSolution
		Debug|x64 = Debug|x64
		Debug|x86 = Debug|x86
		Release|x64 = Release|x64
		Release|x86 = Release|x86
	EndGlobalSection
	GlobalSection(ProjectConfigurationPlatforms) = postSolution
		{C406A8B0-52D6-43CE-B48A-EC4204AD757B}.Debug|x64.ActiveCfg = Debug|x64
		{C406A8B0-52D6-43CE-B48A-EC4204AD757B}.Debug|x64.Build.0 = Debug|x64
		{C406A8B0-52D6-43CE-B48A-EC4204AD757B}.Debug|x86.ActiveCfg = Debug|x64
		{C406A8B0-52D6-43CE-B48A-EC4204AD757B}.Debug|x86.Build.0 = Debug|x64
		{C406A8B0-52D6-43CE-B48A-EC4204AD757B}.Release|x64.ActiveCfg = Release|x64
		{C406A8B0-52D6-43CE-B48A-EC4204AD757B}.Release|x64.Build.0 = Release|x64
		{C406A8B0-52D6-43CE-B48A-EC4204AD757B}.Release|x86.ActiveCfg = Release|x64
		{C406A8B0-52D6-43CE-B48A-EC4204AD757B}.Release|x86.Build.0 = Release|x64
		{4A1FB5EA-22F5-42A8-AB92-1D2DF5D47FB9}.Debug|x64.ActiveCfg = Debug|x64
		{4A1FB5EA-22F5-42A8-AB92-1D2DF5D47FB9}.Debug|x64.Build.0 = Debug|x64
		{4A1FB5EA-22F5-42A8-AB92-1D2DF5D47FB9}.Debug|x86.ActiveCfg = Debug|Win32
		{4A1FB5EA-22F5-42A8-AB92-1D2DF5D47FB9}.Debug|x86.Build.0 = Debug|Win32
		{4A1FB5EA-22F5-42A8-AB92-1D2DF5D47FB9}.Release|x64.ActiveCfg = Release|x64
		{4A1FB5EA-22F5-42A8-AB92-1D2DF5D47FB9}.Release|x64.Build.0 = Release|x64
		{4A1FB5EA-22F5-42A8-AB92-1D2DF5D47FB9}.Release|x86.ActiveCfg = Release|Win32
		{4A1FB5EA-22F5-42A8-AB92-1D2DF5D47FB9}.Release|x86.Build.0 = Release|Win32
	EndGlobalSection
	GlobalSection(SolutionProperties) = preSolution
		HideSolutionNode = FALSE
	EndGlobalSection
	GlobalSection(ExtensibilityGlobals) = postSolution
		SolutionGuid = {0CB0D679-EED8-44AE-8BF4-6D779276DE32}
	EndGlobalSection
EndGlobal
