<?xml version="1.0" encoding="utf-8"?>
<Project ToolsVersion="4.0" xmlns="http://schemas.microsoft.com/developer/msbuild/2003">
  <ItemGroup>
    <CudaCompile Include="src\main.cu" />
  </ItemGroup>
  <ItemGroup>
    <ClInclude Include="src\misc\aabb.cuh">
      <Filter>Headers\misc</Filter>
    </ClInclude>
    <ClInclude Include="src\misc\bvh_node.cuh">
      <Filter>Headers\misc</Filter>
    </ClInclude>
    <ClInclude Include="src\misc\constants.cuh">
      <Filter>Headers\misc</Filter>
    </ClInclude>
    <ClInclude Include="src\misc\vector3.cuh">
      <Filter>Headers\misc</Filter>
    </ClInclude>
    <ClInclude Include="src\misc\ray.cuh">
      <Filter>Headers\misc</Filter>
    </ClInclude>
    <ClInclude Include="src\primitives\aarect.cuh">
      <Filter>Headers\primitives</Filter>
    </ClInclude>
    <ClInclude Include="src\materials\lambertian.cuh">
      <Filter>Headers\materials</Filter>
    </ClInclude>
    <ClInclude Include="src\materials\isotropic.cuh">
      <Filter>Headers\materials</Filter>
    </ClInclude>
    <ClInclude Include="src\primitives\box.cuh">
      <Filter>Headers\primitives</Filter>
    </ClInclude>
    <ClInclude Include="src\materials\dielectric.cuh">
      <Filter>Headers\materials</Filter>
    </ClInclude>
    <ClInclude Include="src\primitives\sphere.cuh">
      <Filter>Headers\primitives</Filter>
    </ClInclude>
    <ClInclude Include="src\primitives\moving_sphere.cuh">
      <Filter>Headers\primitives</Filter>
    </ClInclude>
    <ClInclude Include="src\primitives\volume.cuh">
      <Filter>Headers\primitives</Filter>
    </ClInclude>
    <ClInclude Include="src\cameras\camera.cuh">
      <Filter>Headers\cameras</Filter>
    </ClInclude>
    <ClInclude Include="src\materials\metal.cuh">
      <Filter>Headers\materials</Filter>
    </ClInclude>
    <ClInclude Include="src\materials\diffuse_light.cuh">
      <Filter>Headers\materials\emissive</Filter>
    </ClInclude>
    <ClInclude Include="src\materials\material.cuh">
      <Filter>Headers\materials\base</Filter>
    </ClInclude>
    <ClInclude Include="src\textures\texture.cuh">
      <Filter>Headers\textures\base</Filter>
    </ClInclude>
    <ClInclude Include="src\textures\solid_color_texture.cuh">
      <Filter>Headers\textures</Filter>
    </ClInclude>
    <ClInclude Include="src\textures\checker_texture.cuh">
      <Filter>Headers\textures</Filter>
    </ClInclude>
    <ClInclude Include="src\textures\perlin_noise_texturer.cuh">
      <Filter>Headers\textures</Filter>
    </ClInclude>
    <ClInclude Include="src\textures\perlin.cuh">
      <Filter>Headers\textures\fx</Filter>
    </ClInclude>
    <ClInclude Include="src\textures\image_texture.cuh">
      <Filter>Headers\textures</Filter>
    </ClInclude>
    <ClInclude Include="src\primitives\hittable.cuh">
      <Filter>Headers\primitives\base</Filter>
    </ClInclude>
    <ClInclude Include="src\primitives\hittable_list.cuh">
      <Filter>Headers\primitives\base</Filter>
    </ClInclude>
    <ClInclude Include="src\misc\hit_record.cuh">
      <Filter>Headers\misc</Filter>
    </ClInclude>
    <ClInclude Include="src\primitives\flip_normals.cuh">
      <Filter>Headers\primitives\transforms</Filter>
    </ClInclude>
    <ClInclude Include="src\primitives\translate.cuh">
      <Filter>Headers\primitives\transforms</Filter>
    </ClInclude>
    <ClInclude Include="src\primitives\rotate.cuh">
      <Filter>Headers\primitives\transforms</Filter>
    </ClInclude>
  </ItemGroup>
  <ItemGroup>
    <Filter Include="Headers">
      <UniqueIdentifier>{8fae9fca-5f09-4a9e-929e-ab8c2ab52aaf}</UniqueIdentifier>
    </Filter>
    <Filter Include="Sources">
      <UniqueIdentifier>{c10baa9f-b477-46cf-b141-584db965139b}</UniqueIdentifier>
    </Filter>
    <Filter Include="Headers\materials">
      <UniqueIdentifier>{c77358bf-c3bf-4844-ad55-11faaa712e76}</UniqueIdentifier>
    </Filter>
    <Filter Include="Headers\primitives">
      <UniqueIdentifier>{47022d4c-f750-4bfd-87da-8b82c4e11e87}</UniqueIdentifier>
    </Filter>
    <Filter Include="Headers\misc">
      <UniqueIdentifier>{372cc0bf-48a7-451c-80c7-5cbe755e828e}</UniqueIdentifier>
    </Filter>
    <Filter Include="Headers\textures">
      <UniqueIdentifier>{84e4a775-dfc0-4721-a193-bddb8ff55688}</UniqueIdentifier>
    </Filter>
    <Filter Include="Headers\utilities">
      <UniqueIdentifier>{2d87da14-641c-4bc6-bba5-041b1a1961eb}</UniqueIdentifier>
    </Filter>
    <Filter Include="Headers\cameras">
      <UniqueIdentifier>{e25612e3-fbac-4ac9-a4a3-ae6c3779ff25}</UniqueIdentifier>
    </Filter>
    <Filter Include="Headers\materials\base">
      <UniqueIdentifier>{b51374cd-9f06-4c2b-94b8-4e7855f908ce}</UniqueIdentifier>
    </Filter>
    <Filter Include="Headers\materials\emissive">
      <UniqueIdentifier>{ce1f519e-b94f-4328-98b9-deb2464e7560}</UniqueIdentifier>
    </Filter>
    <Filter Include="Headers\textures\base">
      <UniqueIdentifier>{fa9be0bd-7b63-4392-adf7-d974470959f5}</UniqueIdentifier>
    </Filter>
    <Filter Include="Headers\textures\fx">
      <UniqueIdentifier>{84e673d2-5cc9-4b46-9129-09de640d177a}</UniqueIdentifier>
    </Filter>
    <Filter Include="Headers\primitives\base">
      <UniqueIdentifier>{7eece2b4-bcf1-416d-8c75-6f7b008a201e}</UniqueIdentifier>
    </Filter>
    <Filter Include="Headers\primitives\transforms">
      <UniqueIdentifier>{ada6e417-1e7f-46e5-8bae-fa6985228fd1}</UniqueIdentifier>
    </Filter>
  </ItemGroup>
</Project>